
Microsoft Visual Studio Solution File, Format Version 12.00
# Visual Studio Version 17
VisualStudioVersion = 17.8.34525.116
MinimumVisualStudioVersion = 10.0.40219.1
Project("{FAE04EC0-301F-11D3-BF4B-00C04F79EFBC}") = "lr3", "lr3\lr3.csproj", "{00BF841A-4C48-48C1-9C3E-708859F47389}"
EndProject
Global
	GlobalSection(SolutionConfigurationPlatforms) = preSolution
		Debug|Any CPU = Debug|Any CPU
		Release|Any CPU = Release|Any CPU
	EndGlobalSection
	GlobalSection(ProjectConfigurationPlatforms) = postSolution
		{00BF841A-4C48-48C1-9C3E-708859F47389}.Debug|Any CPU.ActiveCfg = Debug|Any CPU
		{00BF841A-4C48-48C1-9C3E-708859F47389}.Debug|Any CPU.Build.0 = Debug|Any CPU
		{00BF841A-4C48-48C1-9C3E-708859F47389}.Release|Any CPU.ActiveCfg = Release|Any CPU
		{00BF841A-4C48-48C1-9C3E-708859F47389}.Release|Any CPU.Build.0 = Release|Any CPU
	EndGlobalSection
	GlobalSection(SolutionProperties) = preSolution
		HideSolutionNode = FALSE
	EndGlobalSection
	GlobalSection(ExtensibilityGlobals) = postSolution
		SolutionGuid = {CBE2801A-B466-45AC-90C7-D88271897E19}
	EndGlobalSection
EndGlobal
